
Microsoft Visual Studio Solution File, Format Version 12.00
# Visual Studio 2012
Project("{F2A71F9B-5D33-465A-A702-920D77279786}") = "Mapper", "Mapper\Mapper.fsproj", "{68FA7299-5514-4B8A-91DB-A2AAD1122112}"
EndProject
Project("{F2A71F9B-5D33-465A-A702-920D77279786}") = "Reducer", "Reducer\Reducer.fsproj", "{CF0B4FD9-ABE2-499C-87BF-EFE84A269F0A}"
EndProject
Project("{F2A71F9B-5D33-465A-A702-920D77279786}") = "MapReduce.Tests", "MapReduce.Tests\MapReduce.Tests.fsproj", "{26A6580C-67BD-43C2-AA73-F962F013DBA5}"
	ProjectSection(ProjectDependencies) = postProject
		{68FA7299-5514-4B8A-91DB-A2AAD1122112} = {68FA7299-5514-4B8A-91DB-A2AAD1122112}
		{CF0B4FD9-ABE2-499C-87BF-EFE84A269F0A} = {CF0B4FD9-ABE2-499C-87BF-EFE84A269F0A}
	EndProjectSection
EndProject
Global
	GlobalSection(SolutionConfigurationPlatforms) = preSolution
		Debug|Any CPU = Debug|Any CPU
		Release|Any CPU = Release|Any CPU
	EndGlobalSection
	GlobalSection(ProjectConfigurationPlatforms) = postSolution
		{68FA7299-5514-4B8A-91DB-A2AAD1122112}.Debug|Any CPU.ActiveCfg = Debug|Any CPU
		{68FA7299-5514-4B8A-91DB-A2AAD1122112}.Debug|Any CPU.Build.0 = Debug|Any CPU
		{68FA7299-5514-4B8A-91DB-A2AAD1122112}.Release|Any CPU.ActiveCfg = Release|Any CPU
		{68FA7299-5514-4B8A-91DB-A2AAD1122112}.Release|Any CPU.Build.0 = Release|Any CPU
		{CF0B4FD9-ABE2-499C-87BF-EFE84A269F0A}.Debug|Any CPU.ActiveCfg = Debug|Any CPU
		{CF0B4FD9-ABE2-499C-87BF-EFE84A269F0A}.Debug|Any CPU.Build.0 = Debug|Any CPU
		{CF0B4FD9-ABE2-499C-87BF-EFE84A269F0A}.Release|Any CPU.ActiveCfg = Release|Any CPU
		{CF0B4FD9-ABE2-499C-87BF-EFE84A269F0A}.Release|Any CPU.Build.0 = Release|Any CPU
		{26A6580C-67BD-43C2-AA73-F962F013DBA5}.Debug|Any CPU.ActiveCfg = Debug|Any CPU
		{26A6580C-67BD-43C2-AA73-F962F013DBA5}.Debug|Any CPU.Build.0 = Debug|Any CPU
		{26A6580C-67BD-43C2-AA73-F962F013DBA5}.Release|Any CPU.ActiveCfg = Release|Any CPU
		{26A6580C-67BD-43C2-AA73-F962F013DBA5}.Release|Any CPU.Build.0 = Release|Any CPU
	EndGlobalSection
	GlobalSection(SolutionProperties) = preSolution
		HideSolutionNode = FALSE
	EndGlobalSection
EndGlobal
